
Microsoft Visual Studio Solution File, Format Version 12.00
# Visual Studio Version 17
VisualStudioVersion = 17.5.002.0
MinimumVisualStudioVersion = 10.0.40219.1
Project("{9A19103F-16F7-4668-BE54-9A1E7A4F7556}") = "TP_06_Tjor_Korngold_Chinski", "TP_06_Tjor_Korngold_Chinski.csproj", "{7CDEB5B1-BC33-4D41-B2AD-236C23B904F1}"
EndProject
Global
	GlobalSection(SolutionConfigurationPlatforms) = preSolution
		Debug|Any CPU = Debug|Any CPU
		Release|Any CPU = Release|Any CPU
	EndGlobalSection
	GlobalSection(ProjectConfigurationPlatforms) = postSolution
		{7CDEB5B1-BC33-4D41-B2AD-236C23B904F1}.Debug|Any CPU.ActiveCfg = Debug|Any CPU
		{7CDEB5B1-BC33-4D41-B2AD-236C23B904F1}.Debug|Any CPU.Build.0 = Debug|Any CPU
		{7CDEB5B1-BC33-4D41-B2AD-236C23B904F1}.Release|Any CPU.ActiveCfg = Release|Any CPU
		{7CDEB5B1-BC33-4D41-B2AD-236C23B904F1}.Release|Any CPU.Build.0 = Release|Any CPU
	EndGlobalSection
	GlobalSection(SolutionProperties) = preSolution
		HideSolutionNode = FALSE
	EndGlobalSection
	GlobalSection(ExtensibilityGlobals) = postSolution
		SolutionGuid = {EB9B9075-583C-4B2E-B783-06ED039F3EA6}
	EndGlobalSection
EndGlobal
